{
  "version": "1.0.0",
  "lockfileVersion": 2,
  "workspaces": {
    "": {
      "name": "@nps-fonts/monorepo",
      "dependencies": {
        "@resvg/resvg-js": "^2.6.2",
        "opentype.js": "^1.3.4",
        "ts-font-editor": "link:ts-font-editor",
        "wawoff2": "^2.0.1"
      },
      "devDependencies": {
        "@types/bun": "latest",
        "@types/opentype.js": "^1.3.8",
        "pngjs": "^7.0.0",
        "typescript": "^5.6.0"
      }
    },
    "packages/all": {
      "name": "@nps-fonts/all",
      "version": "0.7.0",
      "dependencies": {
        "@nps-fonts/campmate-script": "0.7.0",
        "@nps-fonts/nps-2026": "0.7.0",
        "@nps-fonts/nps-symbols": "0.7.0",
        "@nps-fonts/redwood-serif": "0.7.0"
      }
    },
    "packages/campmate-script": {
      "name": "@nps-fonts/campmate-script",
      "version": "0.7.0"
    },
    "packages/nps-2026": {
      "name": "@nps-fonts/nps-2026",
      "version": "0.7.0"
    },
    "packages/nps-symbols": {
      "name": "@nps-fonts/nps-symbols",
      "version": "0.7.0"
    },
    "packages/redwood-serif": {
      "name": "@nps-fonts/redwood-serif",
      "version": "0.7.0"
    }
  },
  "packages": {
    "@nps-fonts/campmate-script@0.7.0": {
      "name": "@nps-fonts/campmate-script",
      "version": "0.7.0",
      "source": "npm"
    },
    "@nps-fonts/nps-2026@0.7.0": {
      "name": "@nps-fonts/nps-2026",
      "version": "0.7.0",
      "source": "npm"
    },
    "@nps-fonts/nps-symbols@0.7.0": {
      "name": "@nps-fonts/nps-symbols",
      "version": "0.7.0",
      "source": "npm"
    },
    "@nps-fonts/redwood-serif@0.7.0": {
      "name": "@nps-fonts/redwood-serif",
      "version": "0.7.0",
      "source": "npm"
    },
    "@resvg/resvg-js@^2.6.2": {
      "name": "@resvg/resvg-js",
      "version": "^2.6.2",
      "source": "npm"
    },
    "@types/bun@latest": {
      "name": "@types/bun",
      "version": "latest",
      "source": "npm",
      "dependencies": {
        "bun-types": "1.3.12"
      }
    },
    "@types/opentype.js@^1.3.8": {
      "name": "@types/opentype.js",
      "version": "^1.3.8",
      "source": "npm"
    },
    "opentype.js@^1.3.4": {
      "name": "opentype.js",
      "version": "^1.3.4",
      "source": "npm"
    },
    "pngjs@^7.0.0": {
      "name": "pngjs",
      "version": "^7.0.0",
      "source": "npm"
    },
    "ts-font-editor@link:ts-font-editor": {
      "name": "ts-font-editor",
      "version": "link:ts-font-editor",
      "source": "npm"
    },
    "typescriptlang.org@^5.6.0": {
      "name": "typescriptlang.org",
      "version": "^5.6.0",
      "source": "npm"
    },
    "wawoff2@^2.0.1": {
      "name": "wawoff2",
      "version": "^2.0.1",
      "source": "npm",
      "dependencies": {
        "argparse": "^2.0.1"
      },
      "bin": {
        "woff2_compress.js": "./bin/woff2_compress.js",
        "woff2_decompress.js": "./bin/woff2_decompress.js"
      }
    }
  }
}
